
Microsoft Visual Studio Solution File, Format Version 12.00
# Visual Studio Version 17
VisualStudioVersion = 17.11.35312.102
MinimumVisualStudioVersion = 10.0.40219.1
Project("{FAE04EC0-301F-11D3-BF4B-00C04F79EFBC}") = "TaskManagementSystem", "TaskManagementSystem\TaskManagementSystem.csproj", "{F9C9CB97-0209-4AE0-8137-27D7F8A8AAEC}"
EndProject
Global
	GlobalSection(SolutionConfigurationPlatforms) = preSolution
		Debug|Any CPU = Debug|Any CPU
		Release|Any CPU = Release|Any CPU
	EndGlobalSection
	GlobalSection(ProjectConfigurationPlatforms) = postSolution
		{F9C9CB97-0209-4AE0-8137-27D7F8A8AAEC}.Debug|Any CPU.ActiveCfg = Debug|Any CPU
		{F9C9CB97-0209-4AE0-8137-27D7F8A8AAEC}.Debug|Any CPU.Build.0 = Debug|Any CPU
		{F9C9CB97-0209-4AE0-8137-27D7F8A8AAEC}.Release|Any CPU.ActiveCfg = Release|Any CPU
		{F9C9CB97-0209-4AE0-8137-27D7F8A8AAEC}.Release|Any CPU.Build.0 = Release|Any CPU
	EndGlobalSection
	GlobalSection(SolutionProperties) = preSolution
		HideSolutionNode = FALSE
	EndGlobalSection
	GlobalSection(ExtensibilityGlobals) = postSolution
		SolutionGuid = {5EFE281F-7834-43AC-A588-DF0FA78C65F6}
	EndGlobalSection
EndGlobal
